lockfileVersion: '9.0'

settings:
  autoInstallPeers: true
  excludeLinksFromLockfile: false

importers:

  .:
    dependencies:
      dotenv:
        specifier: ^17.2.0
        version: 17.2.0
      os: {specifier: ^0.1.2, version: 0.1.2}
      typescript:
        specifier: ^5.8.3
        version: 5.8.3
    devDependencies:
      '@types/node':
        specifier: ^24.1.0
        version: 24.1.0

packages:

  '@types/node@24.1.0':
    resolution: {integrity: sha512-ut5FthK5moxFKH2T1CUOC6ctR67rQRvvHdFLCD2Ql6KXmMuCrjsSsRI9UsLCm9M18BMwClv4pn327UvB7eeO1w==}

  dotenv@17.2.0:
    resolution: {integrity: sha512-Q4sgBT60gzd0BB0lSyYD3xM4YxrXA9y4uBDof1JNYGzOXrQdQ6yX+7XIAqoFOGQFOTK1D3Hts5OllpxMDZFONQ==}
    engines: {node: '>=12'}

  os@0.1.2:
    resolution: {integrity: sha512-ZoXJkvAnljwvc56MbvhtKVWmSkzV712k42Is2mA0+0KTSRakq5XXuXpjZjgAt9ctzl51ojhQWakQQpmOvXWfjQ==}

  typescript@5.8.3:
    resolution: {integrity: sha512-p1diW6TqL9L07nNxvRMM7hMMw4c5XOo/1ibL4aAIGmSAt9slTE1Xgw5KWuof2uTOvCg9BY7ZRi+GaF+7sfgPeQ==}
    engines: {node: '>=14.17'}
    hasBin: true

  undici-types@7.8.0:
    resolution: {integrity: sha512-9UJ2xGDvQ43tYyVMpuHlsgApydB8ZKfVYTsLDhXkFL/6gfkp+U8xTGdh8pMJv1SpZna0zxG1DwsKZsreLbXBxw==}

snapshots:

  '@types/node@24.1.0':
    dependencies:
      undici-types: 7.8.0

  dotenv@17.2.0: {}

  os@0.1.2: {}

  typescript@5.8.3: {}

  undici-types@7.8.0: {}
